
Microsoft Visual Studio Solution File, Format Version 12.00
# Visual Studio Version 16
VisualStudioVersion = 16.0.30611.23
MinimumVisualStudioVersion = 10.0.40219.1
Project("{FAE04EC0-301F-11D3-BF4B-00C04F79EFBC}") = "Domain.Core", "Domain.Core\Domain.Core.csproj", "{43BB08D7-D15C-4B05-8E08-A13A1538E240}"
EndProject
Project("{FAE04EC0-301F-11D3-BF4B-00C04F79EFBC}") = "Data.Core", "Data.Core\Data.Core.csproj", "{77B6CD7E-B491-49DC-86DA-6A972AE6CA9E}"
EndProject
Project("{FAE04EC0-301F-11D3-BF4B-00C04F79EFBC}") = "Api.Sample", "Api.Sample\Api.Sample.csproj", "{6A6833B9-B10E-49D3-A40C-77CD723EF3C2}"
EndProject
Global
	GlobalSection(SolutionConfigurationPlatforms) = preSolution
		Debug|Any CPU = Debug|Any CPU
		Release|Any CPU = Release|Any CPU
	EndGlobalSection
	GlobalSection(ProjectConfigurationPlatforms) = postSolution
		{43BB08D7-D15C-4B05-8E08-A13A1538E240}.Debug|Any CPU.ActiveCfg = Debug|Any CPU
		{43BB08D7-D15C-4B05-8E08-A13A1538E240}.Debug|Any CPU.Build.0 = Debug|Any CPU
		{43BB08D7-D15C-4B05-8E08-A13A1538E240}.Release|Any CPU.ActiveCfg = Release|Any CPU
		{43BB08D7-D15C-4B05-8E08-A13A1538E240}.Release|Any CPU.Build.0 = Release|Any CPU
		{77B6CD7E-B491-49DC-86DA-6A972AE6CA9E}.Debug|Any CPU.ActiveCfg = Debug|Any CPU
		{77B6CD7E-B491-49DC-86DA-6A972AE6CA9E}.Debug|Any CPU.Build.0 = Debug|Any CPU
		{77B6CD7E-B491-49DC-86DA-6A972AE6CA9E}.Release|Any CPU.ActiveCfg = Release|Any CPU
		{77B6CD7E-B491-49DC-86DA-6A972AE6CA9E}.Release|Any CPU.Build.0 = Release|Any CPU
		{6A6833B9-B10E-49D3-A40C-77CD723EF3C2}.Debug|Any CPU.ActiveCfg = Debug|Any CPU
		{6A6833B9-B10E-49D3-A40C-77CD723EF3C2}.Debug|Any CPU.Build.0 = Debug|Any CPU
		{6A6833B9-B10E-49D3-A40C-77CD723EF3C2}.Release|Any CPU.ActiveCfg = Release|Any CPU
		{6A6833B9-B10E-49D3-A40C-77CD723EF3C2}.Release|Any CPU.Build.0 = Release|Any CPU
	EndGlobalSection
	GlobalSection(SolutionProperties) = preSolution
		HideSolutionNode = FALSE
	EndGlobalSection
	GlobalSection(ExtensibilityGlobals) = postSolution
		SolutionGuid = {21E77E11-E36B-4748-8ED6-8B0E5B72CAE1}
	EndGlobalSection
EndGlobal
